// !$*UTF8*$!
{
	archiveVersion = 1;
	classes = {
	};
	objectVersion = 56;
	objects = {

/* Begin PBXBuildFile section */
		948E194E7CE3B653AB2F6432 /* Pods_AuthenticationAppSwiftUI.framework in Frameworks */ = {isa = PBXBuildFile; fileRef = 932434B3C9BC27EDDA80C350 /* Pods_AuthenticationAppSwiftUI.framework */; };
		FAD7CBB02966CB6D00AA0236 /* AuthenticationAppSwiftUIApp.swift in Sources */ = {isa = PBXBuildFile; fileRef = FAD7CBAF2966CB6D00AA0236 /* AuthenticationAppSwiftUIApp.swift */; };
		FAD7CBB22966CB6D00AA0236 /* ContentView.swift in Sources */ = {isa = PBXBuildFile; fileRef = FAD7CBB12966CB6D00AA0236 /* ContentView.swift */; };
		FAD7CBB42966CB6E00AA0236 /* Assets.xcassets in Resources */ = {isa = PBXBuildFile; fileRef = FAD7CBB32966CB6E00AA0236 /* Assets.xcassets */; };
		FAD7CBB72966CB6E00AA0236 /* Preview Assets.xcassets in Resources */ = {isa = PBXBuildFile; fileRef = FAD7CBB62966CB6E00AA0236 /* Preview Assets.xcassets */; };
		FAD7CBBE2966D3CF00AA0236 /* GoogleService-Info.plist in Resources */ = {isa = PBXBuildFile; fileRef = FAD7CBBD2966D3CF00AA0236 /* GoogleService-Info.plist */; };
		FAD7CBC12967191D00AA0236 /* AuthenticationFormView.swift in Sources */ = {isa = PBXBuildFile; fileRef = FAD7CBC02967191D00AA0236 /* AuthenticationFormView.swift */; };
		FAD7CBC329671B9100AA0236 /* ProgressView.swift in Sources */ = {isa = PBXBuildFile; fileRef = FAD7CBC229671B9100AA0236 /* ProgressView.swift */; };
		FAD7CBC62967287D00AA0236 /* AuthenticationState.swift in Sources */ = {isa = PBXBuildFile; fileRef = FAD7CBC52967287D00AA0236 /* AuthenticationState.swift */; };
		FAD7CBC82967302700AA0236 /* SignUpView.swift in Sources */ = {isa = PBXBuildFile; fileRef = FAD7CBC72967302700AA0236 /* SignUpView.swift */; };
		FAD7CBCA2967C19300AA0236 /* HomeView.swift in Sources */ = {isa = PBXBuildFile; fileRef = FAD7CBC92967C19300AA0236 /* HomeView.swift */; };
		FAD7CBCC2967C98500AA0236 /* WebSwiftUIView.swift in Sources */ = {isa = PBXBuildFile; fileRef = FAD7CBCB2967C98500AA0236 /* WebSwiftUIView.swift */; };
		FAD7CBCE2967E12C00AA0236 /* AuthenticationType.swift in Sources */ = {isa = PBXBuildFile; fileRef = FAD7CBCD2967E12C00AA0236 /* AuthenticationType.swift */; };
		FAD7CBD02967F97400AA0236 /* Todos.swift in Sources */ = {isa = PBXBuildFile; fileRef = FAD7CBCF2967F97400AA0236 /* Todos.swift */; };
		FAD7CBD22967FA3500AA0236 /* TodoListView.swift in Sources */ = {isa = PBXBuildFile; fileRef = FAD7CBD12967FA3500AA0236 /* TodoListView.swift */; };
		FAD7CBD42967FAD900AA0236 /* TodoRowView.swift in Sources */ = {isa = PBXBuildFile; fileRef = FAD7CBD32967FAD900AA0236 /* TodoRowView.swift */; };
		FAD7CBD62967FC7900AA0236 /* TodoDetail.swift in Sources */ = {isa = PBXBuildFile; fileRef = FAD7CBD52967FC7900AA0236 /* TodoDetail.swift */; };
		FAD7CBD82968022600AA0236 /* NewTodoView.swift in Sources */ = {isa = PBXBuildFile; fileRef = FAD7CBD72968022600AA0236 /* NewTodoView.swift */; };
/* End PBXBuildFile section */

/* Begin PBXFileReference section */
		43FB3397EBC191DEFCC5F17D /* Pods-AuthenticationAppSwiftUI.debug.xcconfig */ = {isa = PBXFileReference; includeInIndex = 1; lastKnownFileType = text.xcconfig; name = "Pods-AuthenticationAppSwiftUI.debug.xcconfig"; path = "Target Support Files/Pods-AuthenticationAppSwiftUI/Pods-AuthenticationAppSwiftUI.debug.xcconfig"; sourceTree = "<group>"; };
		932434B3C9BC27EDDA80C350 /* Pods_AuthenticationAppSwiftUI.framework */ = {isa = PBXFileReference; explicitFileType = wrapper.framework; includeInIndex = 0; path = Pods_AuthenticationAppSwiftUI.framework; sourceTree = BUILT_PRODUCTS_DIR; };
		A7B2F4EDDD9ECDA402277B97 /* Pods-AuthenticationAppSwiftUI.release.xcconfig */ = {isa = PBXFileReference; includeInIndex = 1; lastKnownFileType = text.xcconfig; name = "Pods-AuthenticationAppSwiftUI.release.xcconfig"; path = "Target Support Files/Pods-AuthenticationAppSwiftUI/Pods-AuthenticationAppSwiftUI.release.xcconfig"; sourceTree = "<group>"; };
		FAD7CBAC2966CB6D00AA0236 /* AuthenticationAppSwiftUI.app */ = {isa = PBXFileReference; explicitFileType = wrapper.application; includeInIndex = 0; path = AuthenticationAppSwiftUI.app; sourceTree = BUILT_PRODUCTS_DIR; };
		FAD7CBAF2966CB6D00AA0236 /* AuthenticationAppSwiftUIApp.swift */ = {isa = PBXFileReference; lastKnownFileType = sourcecode.swift; path = AuthenticationAppSwiftUIApp.swift; sourceTree = "<group>"; };
		FAD7CBB12966CB6D00AA0236 /* ContentView.swift */ = {isa = PBXFileReference; lastKnownFileType = sourcecode.swift; path = ContentView.swift; sourceTree = "<group>"; };
		FAD7CBB32966CB6E00AA0236 /* Assets.xcassets */ = {isa = PBXFileReference; lastKnownFileType = folder.assetcatalog; path = Assets.xcassets; sourceTree = "<group>"; };
		FAD7CBB62966CB6E00AA0236 /* Preview Assets.xcassets */ = {isa = PBXFileReference; lastKnownFileType = folder.assetcatalog; path = "Preview Assets.xcassets"; sourceTree = "<group>"; };
		FAD7CBBD2966D3CF00AA0236 /* GoogleService-Info.plist */ = {isa = PBXFileReference; fileEncoding = 4; lastKnownFileType = text.plist.xml; path = "GoogleService-Info.plist"; sourceTree = "<group>"; };
		FAD7CBC02967191D00AA0236 /* AuthenticationFormView.swift */ = {isa = PBXFileReference; lastKnownFileType = sourcecode.swift; path = AuthenticationFormView.swift; sourceTree = "<group>"; };
		FAD7CBC229671B9100AA0236 /* ProgressView.swift */ = {isa = PBXFileReference; lastKnownFileType = sourcecode.swift; path = ProgressView.swift; sourceTree = "<group>"; };
		FAD7CBC52967287D00AA0236 /* AuthenticationState.swift */ = {isa = PBXFileReference; lastKnownFileType = sourcecode.swift; path = AuthenticationState.swift; sourceTree = "<group>"; };
		FAD7CBC72967302700AA0236 /* SignUpView.swift */ = {isa = PBXFileReference; lastKnownFileType = sourcecode.swift; path = SignUpView.swift; sourceTree = "<group>"; };
		FAD7CBC92967C19300AA0236 /* HomeView.swift */ = {isa = PBXFileReference; lastKnownFileType = sourcecode.swift; path = HomeView.swift; sourceTree = "<group>"; };
		FAD7CBCB2967C98500AA0236 /* WebSwiftUIView.swift */ = {isa = PBXFileReference; lastKnownFileType = sourcecode.swift; path = WebSwiftUIView.swift; sourceTree = "<group>"; };
		FAD7CBCD2967E12C00AA0236 /* AuthenticationType.swift */ = {isa = PBXFileReference; lastKnownFileType = sourcecode.swift; path = AuthenticationType.swift; sourceTree = "<group>"; };
		FAD7CBCF2967F97400AA0236 /* Todos.swift */ = {isa = PBXFileReference; lastKnownFileType = sourcecode.swift; path = Todos.swift; sourceTree = "<group>"; };
		FAD7CBD12967FA3500AA0236 /* TodoListView.swift */ = {isa = PBXFileReference; lastKnownFileType = sourcecode.swift; path = TodoListView.swift; sourceTree = "<group>"; };
		FAD7CBD32967FAD900AA0236 /* TodoRowView.swift */ = {isa = PBXFileReference; lastKnownFileType = sourcecode.swift; path = TodoRowView.swift; sourceTree = "<group>"; };
		FAD7CBD52967FC7900AA0236 /* TodoDetail.swift */ = {isa = PBXFileReference; lastKnownFileType = sourcecode.swift; path = TodoDetail.swift; sourceTree = "<group>"; };
		FAD7CBD72968022600AA0236 /* NewTodoView.swift */ = {isa = PBXFileReference; lastKnownFileType = sourcecode.swift; path = NewTodoView.swift; sourceTree = "<group>"; };
/* End PBXFileReference section */

/* Begin PBXFrameworksBuildPhase section */
		FAD7CBA92966CB6D00AA0236 /* Frameworks */ = {
			isa = PBXFrameworksBuildPhase;
			buildActionMask = 2147483647;
			files = (
				948E194E7CE3B653AB2F6432 /* Pods_AuthenticationAppSwiftUI.framework in Frameworks */,
			);
			runOnlyForDeploymentPostprocessing = 0;
		};
/* End PBXFrameworksBuildPhase section */

/* Begin PBXGroup section */
		3200951139ADB0BBADF79AC7 /* Frameworks */ = {
			isa = PBXGroup;
			children = (
				932434B3C9BC27EDDA80C350 /* Pods_AuthenticationAppSwiftUI.framework */,
			);
			name = Frameworks;
			sourceTree = "<group>";
		};
		A3904654EC0096FD9739DDAD /* Pods */ = {
			isa = PBXGroup;
			children = (
				43FB3397EBC191DEFCC5F17D /* Pods-AuthenticationAppSwiftUI.debug.xcconfig */,
				A7B2F4EDDD9ECDA402277B97 /* Pods-AuthenticationAppSwiftUI.release.xcconfig */,
			);
			path = Pods;
			sourceTree = "<group>";
		};
		FAD7CBA32966CB6D00AA0236 = {
			isa = PBXGroup;
			children = (
				FAD7CBBD2966D3CF00AA0236 /* GoogleService-Info.plist */,
				FAD7CBAE2966CB6D00AA0236 /* AuthenticationAppSwiftUI */,
				FAD7CBAD2966CB6D00AA0236 /* Products */,
				A3904654EC0096FD9739DDAD /* Pods */,
				3200951139ADB0BBADF79AC7 /* Frameworks */,
			);
			sourceTree = "<group>";
		};
		FAD7CBAD2966CB6D00AA0236 /* Products */ = {
			isa = PBXGroup;
			children = (
				FAD7CBAC2966CB6D00AA0236 /* AuthenticationAppSwiftUI.app */,
			);
			name = Products;
			sourceTree = "<group>";
		};
		FAD7CBAE2966CB6D00AA0236 /* AuthenticationAppSwiftUI */ = {
			isa = PBXGroup;
			children = (
				FAD7CBC42967285800AA0236 /* Model */,
				FAD7CBBF296718D600AA0236 /* View */,
				FAD7CBAF2966CB6D00AA0236 /* AuthenticationAppSwiftUIApp.swift */,
				FAD7CBB12966CB6D00AA0236 /* ContentView.swift */,
				FAD7CBB32966CB6E00AA0236 /* Assets.xcassets */,
				FAD7CBB52966CB6E00AA0236 /* Preview Content */,
			);
			path = AuthenticationAppSwiftUI;
			sourceTree = "<group>";
		};
		FAD7CBB52966CB6E00AA0236 /* Preview Content */ = {
			isa = PBXGroup;
			children = (
				FAD7CBB62966CB6E00AA0236 /* Preview Assets.xcassets */,
			);
			path = "Preview Content";
			sourceTree = "<group>";
		};
		FAD7CBBF296718D600AA0236 /* View */ = {
			isa = PBXGroup;
			children = (
				FAD7CBC02967191D00AA0236 /* AuthenticationFormView.swift */,
				FAD7CBC229671B9100AA0236 /* ProgressView.swift */,
				FAD7CBC72967302700AA0236 /* SignUpView.swift */,
				FAD7CBC92967C19300AA0236 /* HomeView.swift */,
				FAD7CBCB2967C98500AA0236 /* WebSwiftUIView.swift */,
				FAD7CBD12967FA3500AA0236 /* TodoListView.swift */,
				FAD7CBD32967FAD900AA0236 /* TodoRowView.swift */,
				FAD7CBD52967FC7900AA0236 /* TodoDetail.swift */,
				FAD7CBD72968022600AA0236 /* NewTodoView.swift */,
			);
			path = View;
			sourceTree = "<group>";
		};
		FAD7CBC42967285800AA0236 /* Model */ = {
			isa = PBXGroup;
			children = (
				FAD7CBC52967287D00AA0236 /* AuthenticationState.swift */,
				FAD7CBCD2967E12C00AA0236 /* AuthenticationType.swift */,
				FAD7CBCF2967F97400AA0236 /* Todos.swift */,
			);
			path = Model;
			sourceTree = "<group>";
		};
/* End PBXGroup section */

/* Begin PBXNativeTarget section */
		FAD7CBAB2966CB6D00AA0236 /* AuthenticationAppSwiftUI */ = {
			isa = PBXNativeTarget;
			buildConfigurationList = FAD7CBBA2966CB6E00AA0236 /* Build configuration list for PBXNativeTarget "AuthenticationAppSwiftUI" */;
			buildPhases = (
				5BB162FAECE2020CB1D3BB03 /* [CP] Check Pods Manifest.lock */,
				FAD7CBA82966CB6D00AA0236 /* Sources */,
				FAD7CBA92966CB6D00AA0236 /* Frameworks */,
				FAD7CBAA2966CB6D00AA0236 /* Resources */,
				91551A18D2464745CA92E2B2 /* [CP] Embed Pods Frameworks */,
			);
			buildRules = (
			);
			dependencies = (
			);
			name = AuthenticationAppSwiftUI;
			productName = AuthenticationAppSwiftUI;
			productReference = FAD7CBAC2966CB6D00AA0236 /* AuthenticationAppSwiftUI.app */;
			productType = "com.apple.product-type.application";
		};
/* End PBXNativeTarget section */

/* Begin PBXProject section */
		FAD7CBA42966CB6D00AA0236 /* Project object */ = {
			isa = PBXProject;
			attributes = {
				BuildIndependentTargetsInParallel = 1;
				LastSwiftUpdateCheck = 1420;
				LastUpgradeCheck = 1420;
				TargetAttributes = {
					FAD7CBAB2966CB6D00AA0236 = {
						CreatedOnToolsVersion = 14.2;
					};
				};
			};
			buildConfigurationList = FAD7CBA72966CB6D00AA0236 /* Build configuration list for PBXProject "AuthenticationAppSwiftUI" */;
			compatibilityVersion = "Xcode 14.0";
			developmentRegion = en;
			hasScannedForEncodings = 0;
			knownRegions = (
				en,
				Base,
			);
			mainGroup = FAD7CBA32966CB6D00AA0236;
			productRefGroup = FAD7CBAD2966CB6D00AA0236 /* Products */;
			projectDirPath = "";
			projectRoot = "";
			targets = (
				FAD7CBAB2966CB6D00AA0236 /* AuthenticationAppSwiftUI */,
			);
		};
/* End PBXProject section */

/* Begin PBXResourcesBuildPhase section */
		FAD7CBAA2966CB6D00AA0236 /* Resources */ = {
			isa = PBXResourcesBuildPhase;
			buildActionMask = 2147483647;
			files = (
				FAD7CBB72966CB6E00AA0236 /* Preview Assets.xcassets in Resources */,
				FAD7CBB42966CB6E00AA0236 /* Assets.xcassets in Resources */,
				FAD7CBBE2966D3CF00AA0236 /* GoogleService-Info.plist in Resources */,
			);
			runOnlyForDeploymentPostprocessing = 0;
		};
/* End PBXResourcesBuildPhase section */

/* Begin PBXShellScriptBuildPhase section */
		5BB162FAECE2020CB1D3BB03 /* [CP] Check Pods Manifest.lock */ = {
			isa = PBXShellScriptBuildPhase;
			buildActionMask = 2147483647;
			files = (
			);
			inputFileListPaths = (
			);
			inputPaths = (
				"${PODS_PODFILE_DIR_PATH}/Podfile.lock",
				"${PODS_ROOT}/Manifest.lock",
			);
			name = "[CP] Check Pods Manifest.lock";
			outputFileListPaths = (
			);
			outputPaths = (
				"$(DERIVED_FILE_DIR)/Pods-AuthenticationAppSwiftUI-checkManifestLockResult.txt",
			);
			runOnlyForDeploymentPostprocessing = 0;
			shellPath = /bin/sh;
			shellScript = "diff \"${PODS_PODFILE_DIR_PATH}/Podfile.lock\" \"${PODS_ROOT}/Manifest.lock\" > /dev/null\nif [ $? != 0 ] ; then\n    # print error to STDERR\n    echo \"error: The sandbox is not in sync with the Podfile.lock. Run 'pod install' or update your CocoaPods installation.\" >&2\n    exit 1\nfi\n# This output is used by Xcode 'outputs' to avoid re-running this script phase.\necho \"SUCCESS\" > \"${SCRIPT_OUTPUT_FILE_0}\"\n";
			showEnvVarsInLog = 0;
		};
		91551A18D2464745CA92E2B2 /* [CP] Embed Pods Frameworks */ = {
			isa = PBXShellScriptBuildPhase;
			buildActionMask = 2147483647;
			files = (
			);
			inputFileListPaths = (
				"${PODS_ROOT}/Target Support Files/Pods-AuthenticationAppSwiftUI/Pods-AuthenticationAppSwiftUI-frameworks-${CONFIGURATION}-input-files.xcfilelist",
			);
			name = "[CP] Embed Pods Frameworks";
			outputFileListPaths = (
				"${PODS_ROOT}/Target Support Files/Pods-AuthenticationAppSwiftUI/Pods-AuthenticationAppSwiftUI-frameworks-${CONFIGURATION}-output-files.xcfilelist",
			);
			runOnlyForDeploymentPostprocessing = 0;
			shellPath = /bin/sh;
			shellScript = "\"${PODS_ROOT}/Target Support Files/Pods-AuthenticationAppSwiftUI/Pods-AuthenticationAppSwiftUI-frameworks.sh\"\n";
			showEnvVarsInLog = 0;
		};
/* End PBXShellScriptBuildPhase section */

/* Begin PBXSourcesBuildPhase section */
		FAD7CBA82966CB6D00AA0236 /* Sources */ = {
			isa = PBXSourcesBuildPhase;
			buildActionMask = 2147483647;
			files = (
				FAD7CBC12967191D00AA0236 /* AuthenticationFormView.swift in Sources */,
				FAD7CBD42967FAD900AA0236 /* TodoRowView.swift in Sources */,
				FAD7CBCA2967C19300AA0236 /* HomeView.swift in Sources */,
				FAD7CBB22966CB6D00AA0236 /* ContentView.swift in Sources */,
				FAD7CBD02967F97400AA0236 /* Todos.swift in Sources */,
				FAD7CBD22967FA3500AA0236 /* TodoListView.swift in Sources */,
				FAD7CBCC2967C98500AA0236 /* WebSwiftUIView.swift in Sources */,
				FAD7CBD82968022600AA0236 /* NewTodoView.swift in Sources */,
				FAD7CBC329671B9100AA0236 /* ProgressView.swift in Sources */,
				FAD7CBB02966CB6D00AA0236 /* AuthenticationAppSwiftUIApp.swift in Sources */,
				FAD7CBCE2967E12C00AA0236 /* AuthenticationType.swift in Sources */,
				FAD7CBC82967302700AA0236 /* SignUpView.swift in Sources */,
				FAD7CBD62967FC7900AA0236 /* TodoDetail.swift in Sources */,
				FAD7CBC62967287D00AA0236 /* AuthenticationState.swift in Sources */,
			);
			runOnlyForDeploymentPostprocessing = 0;
		};
/* End PBXSourcesBuildPhase section */

/* Begin XCBuildConfiguration section */
		FAD7CBB82966CB6E00AA0236 /* Debug */ = {
			isa = XCBuildConfiguration;
			buildSettings = {
				ALWAYS_SEARCH_USER_PATHS = NO;
				CLANG_ANALYZER_NONNULL = YES;
				CLANG_ANALYZER_NUMBER_OBJECT_CONVERSION = YES_AGGRESSIVE;
				CLANG_CXX_LANGUAGE_STANDARD = "gnu++20";
				CLANG_ENABLE_MODULES = YES;
				CLANG_ENABLE_OBJC_ARC = YES;
				CLANG_ENABLE_OBJC_WEAK = YES;
				CLANG_WARN_BLOCK_CAPTURE_AUTORELEASING = YES;
				CLANG_WARN_BOOL_CONVERSION = YES;
				CLANG_WARN_COMMA = YES;
				CLANG_WARN_CONSTANT_CONVERSION = YES;
				CLANG_WARN_DEPRECATED_OBJC_IMPLEMENTATIONS = YES;
				CLANG_WARN_DIRECT_OBJC_ISA_USAGE = YES_ERROR;
				CLANG_WARN_DOCUMENTATION_COMMENTS = YES;
				CLANG_WARN_EMPTY_BODY = YES;
				CLANG_WARN_ENUM_CONVERSION = YES;
				CLANG_WARN_INFINITE_RECURSION = YES;
				CLANG_WARN_INT_CONVERSION = YES;
				CLANG_WARN_NON_LITERAL_NULL_CONVERSION = YES;
				CLANG_WARN_OBJC_IMPLICIT_RETAIN_SELF = YES;
				CLANG_WARN_OBJC_LITERAL_CONVERSION = YES;
				CLANG_WARN_OBJC_ROOT_CLASS = YES_ERROR;
				CLANG_WARN_QUOTED_INCLUDE_IN_FRAMEWORK_HEADER = YES;
				CLANG_WARN_RANGE_LOOP_ANALYSIS = YES;
				CLANG_WARN_STRICT_PROTOTYPES = YES;
				CLANG_WARN_SUSPICIOUS_MOVE = YES;
				CLANG_WARN_UNGUARDED_AVAILABILITY = YES_AGGRESSIVE;
				CLANG_WARN_UNREACHABLE_CODE = YES;
				CLANG_WARN__DUPLICATE_METHOD_MATCH = YES;
				COPY_PHASE_STRIP = NO;
				DEBUG_INFORMATION_FORMAT = dwarf;
				ENABLE_STRICT_OBJC_MSGSEND = YES;
				ENABLE_TESTABILITY = YES;
				GCC_C_LANGUAGE_STANDARD = gnu11;
				GCC_DYNAMIC_NO_PIC = NO;
				GCC_NO_COMMON_BLOCKS = YES;
				GCC_OPTIMIZATION_LEVEL = 0;
				GCC_PREPROCESSOR_DEFINITIONS = (
					"DEBUG=1",
					"$(inherited)",
				);
				GCC_WARN_64_TO_32_BIT_CONVERSION = YES;
				GCC_WARN_ABOUT_RETURN_TYPE = YES_ERROR;
				GCC_WARN_UNDECLARED_SELECTOR = YES;
				GCC_WARN_UNINITIALIZED_AUTOS = YES_AGGRESSIVE;
				GCC_WARN_UNUSED_FUNCTION = YES;
				GCC_WARN_UNUSED_VARIABLE = YES;
				IPHONEOS_DEPLOYMENT_TARGET = 16.2;
				MTL_ENABLE_DEBUG_INFO = INCLUDE_SOURCE;
				MTL_FAST_MATH = YES;
				ONLY_ACTIVE_ARCH = YES;
				SDKROOT = iphoneos;
				SWIFT_ACTIVE_COMPILATION_CONDITIONS = DEBUG;
				SWIFT_OPTIMIZATION_LEVEL = "-Onone";
			};
			name = Debug;
		};
		FAD7CBB92966CB6E00AA0236 /* Release */ = {
			isa = XCBuildConfiguration;
			buildSettings = {
				ALWAYS_SEARCH_USER_PATHS = NO;
				CLANG_ANALYZER_NONNULL = YES;
				CLANG_ANALYZER_NUMBER_OBJECT_CONVERSION = YES_AGGRESSIVE;
				CLANG_CXX_LANGUAGE_STANDARD = "gnu++20";
				CLANG_ENABLE_MODULES = YES;
				CLANG_ENABLE_OBJC_ARC = YES;
				CLANG_ENABLE_OBJC_WEAK = YES;
				CLANG_WARN_BLOCK_CAPTURE_AUTORELEASING = YES;
				CLANG_WARN_BOOL_CONVERSION = YES;
				CLANG_WARN_COMMA = YES;
				CLANG_WARN_CONSTANT_CONVERSION = YES;
				CLANG_WARN_DEPRECATED_OBJC_IMPLEMENTATIONS = YES;
				CLANG_WARN_DIRECT_OBJC_ISA_USAGE = YES_ERROR;
				CLANG_WARN_DOCUMENTATION_COMMENTS = YES;
				CLANG_WARN_EMPTY_BODY = YES;
				CLANG_WARN_ENUM_CONVERSION = YES;
				CLANG_WARN_INFINITE_RECURSION = YES;
				CLANG_WARN_INT_CONVERSION = YES;
				CLANG_WARN_NON_LITERAL_NULL_CONVERSION = YES;
				CLANG_WARN_OBJC_IMPLICIT_RETAIN_SELF = YES;
				CLANG_WARN_OBJC_LITERAL_CONVERSION = YES;
				CLANG_WARN_OBJC_ROOT_CLASS = YES_ERROR;
				CLANG_WARN_QUOTED_INCLUDE_IN_FRAMEWORK_HEADER = YES;
				CLANG_WARN_RANGE_LOOP_ANALYSIS = YES;
				CLANG_WARN_STRICT_PROTOTYPES = YES;
				CLANG_WARN_SUSPICIOUS_MOVE = YES;
				CLANG_WARN_UNGUARDED_AVAILABILITY = YES_AGGRESSIVE;
				CLANG_WARN_UNREACHABLE_CODE = YES;
				CLANG_WARN__DUPLICATE_METHOD_MATCH = YES;
				COPY_PHASE_STRIP = NO;
				DEBUG_INFORMATION_FORMAT = "dwarf-with-dsym";
				ENABLE_NS_ASSERTIONS = NO;
				ENABLE_STRICT_OBJC_MSGSEND = YES;
				GCC_C_LANGUAGE_STANDARD = gnu11;
				GCC_NO_COMMON_BLOCKS = YES;
				GCC_WARN_64_TO_32_BIT_CONVERSION = YES;
				GCC_WARN_ABOUT_RETURN_TYPE = YES_ERROR;
				GCC_WARN_UNDECLARED_SELECTOR = YES;
				GCC_WARN_UNINITIALIZED_AUTOS = YES_AGGRESSIVE;
				GCC_WARN_UNUSED_FUNCTION = YES;
				GCC_WARN_UNUSED_VARIABLE = YES;
				IPHONEOS_DEPLOYMENT_TARGET = 16.2;
				MTL_ENABLE_DEBUG_INFO = NO;
				MTL_FAST_MATH = YES;
				SDKROOT = iphoneos;
				SWIFT_COMPILATION_MODE = wholemodule;
				SWIFT_OPTIMIZATION_LEVEL = "-O";
				VALIDATE_PRODUCT = YES;
			};
			name = Release;
		};
		FAD7CBBB2966CB6E00AA0236 /* Debug */ = {
			isa = XCBuildConfiguration;
			baseConfigurationReference = 43FB3397EBC191DEFCC5F17D /* Pods-AuthenticationAppSwiftUI.debug.xcconfig */;
			buildSettings = {
				ASSETCATALOG_COMPILER_APPICON_NAME = AppIcon;
				ASSETCATALOG_COMPILER_GLOBAL_ACCENT_COLOR_NAME = AccentColor;
				CODE_SIGN_STYLE = Automatic;
				CURRENT_PROJECT_VERSION = 1;
				DEVELOPMENT_ASSET_PATHS = "\"AuthenticationAppSwiftUI/Preview Content\"";
				DEVELOPMENT_TEAM = GGQP4YG839;
				ENABLE_PREVIEWS = YES;
				GENERATE_INFOPLIST_FILE = YES;
				INFOPLIST_KEY_UIApplicationSceneManifest_Generation = YES;
				INFOPLIST_KEY_UIApplicationSupportsIndirectInputEvents = YES;
				INFOPLIST_KEY_UILaunchScreen_Generation = YES;
				INFOPLIST_KEY_UISupportedInterfaceOrientations_iPad = "UIInterfaceOrientationPortrait UIInterfaceOrientationPortraitUpsideDown UIInterfaceOrientationLandscapeLeft UIInterfaceOrientationLandscapeRight";
				INFOPLIST_KEY_UISupportedInterfaceOrientations_iPhone = "UIInterfaceOrientationPortrait UIInterfaceOrientationLandscapeLeft UIInterfaceOrientationLandscapeRight";
				LD_RUNPATH_SEARCH_PATHS = (
					"$(inherited)",
					"@executable_path/Frameworks",
				);
				MARKETING_VERSION = 1.0;
				PRODUCT_BUNDLE_IDENTIFIER = com.codewithviet.AuthenticationAppSwiftUI;
				PRODUCT_NAME = "$(TARGET_NAME)";
				SWIFT_EMIT_LOC_STRINGS = YES;
				SWIFT_VERSION = 5.0;
				TARGETED_DEVICE_FAMILY = "1,2";
			};
			name = Debug;
		};
		FAD7CBBC2966CB6E00AA0236 /* Release */ = {
			isa = XCBuildConfiguration;
			baseConfigurationReference = A7B2F4EDDD9ECDA402277B97 /* Pods-AuthenticationAppSwiftUI.release.xcconfig */;
			buildSettings = {
				ASSETCATALOG_COMPILER_APPICON_NAME = AppIcon;
				ASSETCATALOG_COMPILER_GLOBAL_ACCENT_COLOR_NAME = AccentColor;
				CODE_SIGN_STYLE = Automatic;
				CURRENT_PROJECT_VERSION = 1;
				DEVELOPMENT_ASSET_PATHS = "\"AuthenticationAppSwiftUI/Preview Content\"";
				DEVELOPMENT_TEAM = GGQP4YG839;
				ENABLE_PREVIEWS = YES;
				GENERATE_INFOPLIST_FILE = YES;
				INFOPLIST_KEY_UIApplicationSceneManifest_Generation = YES;
				INFOPLIST_KEY_UIApplicationSupportsIndirectInputEvents = YES;
				INFOPLIST_KEY_UILaunchScreen_Generation = YES;
				INFOPLIST_KEY_UISupportedInterfaceOrientations_iPad = "UIInterfaceOrientationPortrait UIInterfaceOrientationPortraitUpsideDown UIInterfaceOrientationLandscapeLeft UIInterfaceOrientationLandscapeRight";
				INFOPLIST_KEY_UISupportedInterfaceOrientations_iPhone = "UIInterfaceOrientationPortrait UIInterfaceOrientationLandscapeLeft UIInterfaceOrientationLandscapeRight";
				LD_RUNPATH_SEARCH_PATHS = (
					"$(inherited)",
					"@executable_path/Frameworks",
				);
				MARKETING_VERSION = 1.0;
				PRODUCT_BUNDLE_IDENTIFIER = com.codewithviet.AuthenticationAppSwiftUI;
				PRODUCT_NAME = "$(TARGET_NAME)";
				SWIFT_EMIT_LOC_STRINGS = YES;
				SWIFT_VERSION = 5.0;
				TARGETED_DEVICE_FAMILY = "1,2";
			};
			name = Release;
		};
/* End XCBuildConfiguration section */

/* Begin XCConfigurationList section */
		FAD7CBA72966CB6D00AA0236 /* Build configuration list for PBXProject "AuthenticationAppSwiftUI" */ = {
			isa = XCConfigurationList;
			buildConfigurations = (
				FAD7CBB82966CB6E00AA0236 /* Debug */,
				FAD7CBB92966CB6E00AA0236 /* Release */,
			);
			defaultConfigurationIsVisible = 0;
			defaultConfigurationName = Release;
		};
		FAD7CBBA2966CB6E00AA0236 /* Build configuration list for PBXNativeTarget "AuthenticationAppSwiftUI" */ = {
			isa = XCConfigurationList;
			buildConfigurations = (
				FAD7CBBB2966CB6E00AA0236 /* Debug */,
				FAD7CBBC2966CB6E00AA0236 /* Release */,
			);
			defaultConfigurationIsVisible = 0;
			defaultConfigurationName = Release;
		};
/* End XCConfigurationList section */
	};
	rootObject = FAD7CBA42966CB6D00AA0236 /* Project object */;
}
